
Microsoft Visual Studio Solution File, Format Version 12.00
# Visual Studio Version 17
VisualStudioVersion = 17.5.2.0
MinimumVisualStudioVersion = 10.0.40219.1
Project("{FAE04EC0-301F-11D3-BF4B-00C04F79EFBC}") = "calculadora", "calculadora\calculadora.csproj", "{7F1B9FF9-CF40-1E48-D7A0-0BF70034C4E7}"
EndProject
Project("{FAE04EC0-301F-11D3-BF4B-00C04F79EFBC}") = "calculadora.tests", "calculadora.tests\calculadora.tests.csproj", "{4BCABD53-6AB2-4399-9C06-998D38348FED}"
EndProject
Global
	GlobalSection(SolutionConfigurationPlatforms) = preSolution
		Debug|Any CPU = Debug|Any CPU
		Debug|x64 = Debug|x64
		Debug|x86 = Debug|x86
		Release|Any CPU = Release|Any CPU
		Release|x64 = Release|x64
		Release|x86 = Release|x86
	EndGlobalSection
	GlobalSection(ProjectConfigurationPlatforms) = postSolution
		{7F1B9FF9-CF40-1E48-D7A0-0BF70034C4E7}.Debug|Any CPU.ActiveCfg = Debug|Any CPU
		{7F1B9FF9-CF40-1E48-D7A0-0BF70034C4E7}.Debug|Any CPU.Build.0 = Debug|Any CPU
		{7F1B9FF9-CF40-1E48-D7A0-0BF70034C4E7}.Debug|x64.ActiveCfg = Debug|Any CPU
		{7F1B9FF9-CF40-1E48-D7A0-0BF70034C4E7}.Debug|x64.Build.0 = Debug|Any CPU
		{7F1B9FF9-CF40-1E48-D7A0-0BF70034C4E7}.Debug|x86.ActiveCfg = Debug|Any CPU
		{7F1B9FF9-CF40-1E48-D7A0-0BF70034C4E7}.Debug|x86.Build.0 = Debug|Any CPU
		{7F1B9FF9-CF40-1E48-D7A0-0BF70034C4E7}.Release|Any CPU.ActiveCfg = Release|Any CPU
		{7F1B9FF9-CF40-1E48-D7A0-0BF70034C4E7}.Release|Any CPU.Build.0 = Release|Any CPU
		{7F1B9FF9-CF40-1E48-D7A0-0BF70034C4E7}.Release|x64.ActiveCfg = Release|Any CPU
		{7F1B9FF9-CF40-1E48-D7A0-0BF70034C4E7}.Release|x64.Build.0 = Release|Any CPU
		{7F1B9FF9-CF40-1E48-D7A0-0BF70034C4E7}.Release|x86.ActiveCfg = Release|Any CPU
		{7F1B9FF9-CF40-1E48-D7A0-0BF70034C4E7}.Release|x86.Build.0 = Release|Any CPU
		{4BCABD53-6AB2-4399-9C06-998D38348FED}.Debug|Any CPU.ActiveCfg = Debug|Any CPU
		{4BCABD53-6AB2-4399-9C06-998D38348FED}.Debug|Any CPU.Build.0 = Debug|Any CPU
		{4BCABD53-6AB2-4399-9C06-998D38348FED}.Debug|x64.ActiveCfg = Debug|Any CPU
		{4BCABD53-6AB2-4399-9C06-998D38348FED}.Debug|x64.Build.0 = Debug|Any CPU
		{4BCABD53-6AB2-4399-9C06-998D38348FED}.Debug|x86.ActiveCfg = Debug|Any CPU
		{4BCABD53-6AB2-4399-9C06-998D38348FED}.Debug|x86.Build.0 = Debug|Any CPU
		{4BCABD53-6AB2-4399-9C06-998D38348FED}.Release|Any CPU.ActiveCfg = Release|Any CPU
		{4BCABD53-6AB2-4399-9C06-998D38348FED}.Release|Any CPU.Build.0 = Release|Any CPU
		{4BCABD53-6AB2-4399-9C06-998D38348FED}.Release|x64.ActiveCfg = Release|Any CPU
		{4BCABD53-6AB2-4399-9C06-998D38348FED}.Release|x64.Build.0 = Release|Any CPU
		{4BCABD53-6AB2-4399-9C06-998D38348FED}.Release|x86.ActiveCfg = Release|Any CPU
		{4BCABD53-6AB2-4399-9C06-998D38348FED}.Release|x86.Build.0 = Release|Any CPU
	EndGlobalSection
	GlobalSection(SolutionProperties) = preSolution
		HideSolutionNode = FALSE
	EndGlobalSection
	GlobalSection(ExtensibilityGlobals) = postSolution
		SolutionGuid = {43F1859C-C104-4412-AB4D-034ABDD738E2}
	EndGlobalSection
EndGlobal
